{
  "requires": true,
  "lockfileVersion": 1,
  "dependencies": {
    "@fortawesome/vue-fontawesome": {
      "version": "2.0.0",
      "resolved": "https://registry.npmjs.org/@fortawesome/vue-fontawesome/-/vue-fontawesome-2.0.0.tgz",
      "integrity": "sha512-N3VKw7KzRfOm8hShUVldpinlm13HpvLBQgT63QS+aCrIRLwjoEUXY5Rcmttbfb6HkzZaeqjLqd/aZCQ53UjQpg=="
    }
  }
}
